
Microsoft Visual Studio Solution File, Format Version 12.00
# Visual Studio Version 17
VisualStudioVersion = 17.5.002.0
MinimumVisualStudioVersion = 10.0.40219.1
Project("{2150E333-8FDC-42A3-9474-1A3956D46DE8}") = "sandbox", "sandbox", "{524494C7-E59A-46FA-A5F6-2C6C14D7A63C}"
EndProject
Project("{9A19103F-16F7-4668-BE54-9A1E7A4F7556}") = "sandbox_project", "sandbox\sandbox_project\sandbox_project.csproj", "{0CEF589D-C5B5-468B-B847-6FA46DBF9A1A}"
EndProject
Project("{2150E333-8FDC-42A3-9474-1A3956D46DE8}") = "week01", "week01", "{2E0D2743-D5E8-4578-8872-E128E2F18F87}"
EndProject
Project("{9A19103F-16F7-4668-BE54-9A1E7A4F7556}") = "analyze", "week01\analyze\analyze.csproj", "{7A733E7B-803B-47B5-A3EA-76087DFDAA81}"
EndProject
Project("{9A19103F-16F7-4668-BE54-9A1E7A4F7556}") = "code", "week01\code\code.csproj", "{B92B624C-DD9B-471D-8C73-A35C1E6038BC}"
EndProject
Project("{9A19103F-16F7-4668-BE54-9A1E7A4F7556}") = "teach", "week01\teach\teach.csproj", "{0B7E3BF9-90E1-4C92-B7FA-F5DF9FA7A4F6}"
EndProject
Project("{2150E333-8FDC-42A3-9474-1A3956D46DE8}") = "week02", "week02", "{485E21AD-AC64-48C2-8C73-624401BBA0FF}"
EndProject
Project("{9A19103F-16F7-4668-BE54-9A1E7A4F7556}") = "analyze", "week02\analyze\analyze.csproj", "{29A60102-6233-4290-98C5-A57AF428FA9C}"
EndProject
Project("{9A19103F-16F7-4668-BE54-9A1E7A4F7556}") = "code", "week02\code\code.csproj", "{3F108E23-39D8-4CBD-A3BA-53B854B7EF93}"
EndProject
Project("{9A19103F-16F7-4668-BE54-9A1E7A4F7556}") = "learn", "week02\learn\learn.csproj", "{9E595D91-2D90-4EE8-B9A7-0E0A4A4757EE}"
EndProject
Project("{9A19103F-16F7-4668-BE54-9A1E7A4F7556}") = "teach", "week02\teach\teach.csproj", "{A1A8DAFF-8DAB-417B-ACED-E13A9A9ACA81}"
EndProject
Project("{2150E333-8FDC-42A3-9474-1A3956D46DE8}") = "week03", "week03", "{44517924-FFC3-4C17-8B55-F275496B3D70}"
EndProject
Project("{9A19103F-16F7-4668-BE54-9A1E7A4F7556}") = "code", "week03\code\code.csproj", "{D27A5A09-4910-49A0-96E8-D0F6EF14CFB2}"
EndProject
Project("{9A19103F-16F7-4668-BE54-9A1E7A4F7556}") = "learn", "week03\learn\learn.csproj", "{F5CBA55A-6AF1-4DFA-A0EF-B7774CA99F51}"
EndProject
Project("{9A19103F-16F7-4668-BE54-9A1E7A4F7556}") = "teach", "week03\teach\teach.csproj", "{BEB33BEB-5372-49A8-BFDA-C0B658ECC1AB}"
EndProject
Project("{2150E333-8FDC-42A3-9474-1A3956D46DE8}") = "week04", "week04", "{99D5C2E3-A66C-4854-BB50-B5E5515D5C56}"
EndProject
Project("{9A19103F-16F7-4668-BE54-9A1E7A4F7556}") = "code", "week04\code\code.csproj", "{EBCC1395-F02A-41A1-A31D-DC81A095DC6A}"
EndProject
Project("{2150E333-8FDC-42A3-9474-1A3956D46DE8}") = "week05", "week05", "{3937460B-C5C4-4C27-BD77-11452CC5FF87}"
EndProject
Project("{9A19103F-16F7-4668-BE54-9A1E7A4F7556}") = "code", "week05\code\code.csproj", "{A9013BD3-E5D2-4293-AD63-401B3C7E44CC}"
EndProject
Project("{2150E333-8FDC-42A3-9474-1A3956D46DE8}") = "week06", "week06", "{6C14D510-2701-4FE9-8BE4-8E96863A35B1}"
EndProject
Project("{9A19103F-16F7-4668-BE54-9A1E7A4F7556}") = "code", "week06\code\code.csproj", "{9F39C5DD-D4D8-42E8-954C-B2048F311778}"
EndProject
Global
	GlobalSection(SolutionConfigurationPlatforms) = preSolution
		Debug|Any CPU = Debug|Any CPU
		Release|Any CPU = Release|Any CPU
	EndGlobalSection
	GlobalSection(ProjectConfigurationPlatforms) = postSolution
		{0CEF589D-C5B5-468B-B847-6FA46DBF9A1A}.Debug|Any CPU.ActiveCfg = Debug|Any CPU
		{0CEF589D-C5B5-468B-B847-6FA46DBF9A1A}.Debug|Any CPU.Build.0 = Debug|Any CPU
		{0CEF589D-C5B5-468B-B847-6FA46DBF9A1A}.Release|Any CPU.ActiveCfg = Release|Any CPU
		{0CEF589D-C5B5-468B-B847-6FA46DBF9A1A}.Release|Any CPU.Build.0 = Release|Any CPU
		{7A733E7B-803B-47B5-A3EA-76087DFDAA81}.Debug|Any CPU.ActiveCfg = Debug|Any CPU
		{7A733E7B-803B-47B5-A3EA-76087DFDAA81}.Debug|Any CPU.Build.0 = Debug|Any CPU
		{7A733E7B-803B-47B5-A3EA-76087DFDAA81}.Release|Any CPU.ActiveCfg = Release|Any CPU
		{7A733E7B-803B-47B5-A3EA-76087DFDAA81}.Release|Any CPU.Build.0 = Release|Any CPU
		{B92B624C-DD9B-471D-8C73-A35C1E6038BC}.Debug|Any CPU.ActiveCfg = Debug|Any CPU
		{B92B624C-DD9B-471D-8C73-A35C1E6038BC}.Debug|Any CPU.Build.0 = Debug|Any CPU
		{B92B624C-DD9B-471D-8C73-A35C1E6038BC}.Release|Any CPU.ActiveCfg = Release|Any CPU
		{B92B624C-DD9B-471D-8C73-A35C1E6038BC}.Release|Any CPU.Build.0 = Release|Any CPU
		{0B7E3BF9-90E1-4C92-B7FA-F5DF9FA7A4F6}.Debug|Any CPU.ActiveCfg = Debug|Any CPU
		{0B7E3BF9-90E1-4C92-B7FA-F5DF9FA7A4F6}.Debug|Any CPU.Build.0 = Debug|Any CPU
		{0B7E3BF9-90E1-4C92-B7FA-F5DF9FA7A4F6}.Release|Any CPU.ActiveCfg = Release|Any CPU
		{0B7E3BF9-90E1-4C92-B7FA-F5DF9FA7A4F6}.Release|Any CPU.Build.0 = Release|Any CPU
		{29A60102-6233-4290-98C5-A57AF428FA9C}.Debug|Any CPU.ActiveCfg = Debug|Any CPU
		{29A60102-6233-4290-98C5-A57AF428FA9C}.Debug|Any CPU.Build.0 = Debug|Any CPU
		{29A60102-6233-4290-98C5-A57AF428FA9C}.Release|Any CPU.ActiveCfg = Release|Any CPU
		{29A60102-6233-4290-98C5-A57AF428FA9C}.Release|Any CPU.Build.0 = Release|Any CPU
		{3F108E23-39D8-4CBD-A3BA-53B854B7EF93}.Debug|Any CPU.ActiveCfg = Debug|Any CPU
		{3F108E23-39D8-4CBD-A3BA-53B854B7EF93}.Debug|Any CPU.Build.0 = Debug|Any CPU
		{3F108E23-39D8-4CBD-A3BA-53B854B7EF93}.Release|Any CPU.ActiveCfg = Release|Any CPU
		{3F108E23-39D8-4CBD-A3BA-53B854B7EF93}.Release|Any CPU.Build.0 = Release|Any CPU
		{9E595D91-2D90-4EE8-B9A7-0E0A4A4757EE}.Debug|Any CPU.ActiveCfg = Debug|Any CPU
		{9E595D91-2D90-4EE8-B9A7-0E0A4A4757EE}.Debug|Any CPU.Build.0 = Debug|Any CPU
		{9E595D91-2D90-4EE8-B9A7-0E0A4A4757EE}.Release|Any CPU.ActiveCfg = Release|Any CPU
		{9E595D91-2D90-4EE8-B9A7-0E0A4A4757EE}.Release|Any CPU.Build.0 = Release|Any CPU
		{A1A8DAFF-8DAB-417B-ACED-E13A9A9ACA81}.Debug|Any CPU.ActiveCfg = Debug|Any CPU
		{A1A8DAFF-8DAB-417B-ACED-E13A9A9ACA81}.Debug|Any CPU.Build.0 = Debug|Any CPU
		{A1A8DAFF-8DAB-417B-ACED-E13A9A9ACA81}.Release|Any CPU.ActiveCfg = Release|Any CPU
		{A1A8DAFF-8DAB-417B-ACED-E13A9A9ACA81}.Release|Any CPU.Build.0 = Release|Any CPU
		{D27A5A09-4910-49A0-96E8-D0F6EF14CFB2}.Debug|Any CPU.ActiveCfg = Debug|Any CPU
		{D27A5A09-4910-49A0-96E8-D0F6EF14CFB2}.Debug|Any CPU.Build.0 = Debug|Any CPU
		{D27A5A09-4910-49A0-96E8-D0F6EF14CFB2}.Release|Any CPU.ActiveCfg = Release|Any CPU
		{D27A5A09-4910-49A0-96E8-D0F6EF14CFB2}.Release|Any CPU.Build.0 = Release|Any CPU
		{F5CBA55A-6AF1-4DFA-A0EF-B7774CA99F51}.Debug|Any CPU.ActiveCfg = Debug|Any CPU
		{F5CBA55A-6AF1-4DFA-A0EF-B7774CA99F51}.Debug|Any CPU.Build.0 = Debug|Any CPU
		{F5CBA55A-6AF1-4DFA-A0EF-B7774CA99F51}.Release|Any CPU.ActiveCfg = Release|Any CPU
		{F5CBA55A-6AF1-4DFA-A0EF-B7774CA99F51}.Release|Any CPU.Build.0 = Release|Any CPU
		{BEB33BEB-5372-49A8-BFDA-C0B658ECC1AB}.Debug|Any CPU.ActiveCfg = Debug|Any CPU
		{BEB33BEB-5372-49A8-BFDA-C0B658ECC1AB}.Debug|Any CPU.Build.0 = Debug|Any CPU
		{BEB33BEB-5372-49A8-BFDA-C0B658ECC1AB}.Release|Any CPU.ActiveCfg = Release|Any CPU
		{BEB33BEB-5372-49A8-BFDA-C0B658ECC1AB}.Release|Any CPU.Build.0 = Release|Any CPU
		{EBCC1395-F02A-41A1-A31D-DC81A095DC6A}.Debug|Any CPU.ActiveCfg = Debug|Any CPU
		{EBCC1395-F02A-41A1-A31D-DC81A095DC6A}.Debug|Any CPU.Build.0 = Debug|Any CPU
		{EBCC1395-F02A-41A1-A31D-DC81A095DC6A}.Release|Any CPU.ActiveCfg = Release|Any CPU
		{EBCC1395-F02A-41A1-A31D-DC81A095DC6A}.Release|Any CPU.Build.0 = Release|Any CPU
		{A9013BD3-E5D2-4293-AD63-401B3C7E44CC}.Debug|Any CPU.ActiveCfg = Debug|Any CPU
		{A9013BD3-E5D2-4293-AD63-401B3C7E44CC}.Debug|Any CPU.Build.0 = Debug|Any CPU
		{A9013BD3-E5D2-4293-AD63-401B3C7E44CC}.Release|Any CPU.ActiveCfg = Release|Any CPU
		{A9013BD3-E5D2-4293-AD63-401B3C7E44CC}.Release|Any CPU.Build.0 = Release|Any CPU
		{9F39C5DD-D4D8-42E8-954C-B2048F311778}.Debug|Any CPU.ActiveCfg = Debug|Any CPU
		{9F39C5DD-D4D8-42E8-954C-B2048F311778}.Debug|Any CPU.Build.0 = Debug|Any CPU
		{9F39C5DD-D4D8-42E8-954C-B2048F311778}.Release|Any CPU.ActiveCfg = Release|Any CPU
		{9F39C5DD-D4D8-42E8-954C-B2048F311778}.Release|Any CPU.Build.0 = Release|Any CPU
	EndGlobalSection
	GlobalSection(SolutionProperties) = preSolution
		HideSolutionNode = FALSE
	EndGlobalSection
	GlobalSection(NestedProjects) = preSolution
		{0CEF589D-C5B5-468B-B847-6FA46DBF9A1A} = {524494C7-E59A-46FA-A5F6-2C6C14D7A63C}
		{7A733E7B-803B-47B5-A3EA-76087DFDAA81} = {2E0D2743-D5E8-4578-8872-E128E2F18F87}
		{B92B624C-DD9B-471D-8C73-A35C1E6038BC} = {2E0D2743-D5E8-4578-8872-E128E2F18F87}
		{0B7E3BF9-90E1-4C92-B7FA-F5DF9FA7A4F6} = {2E0D2743-D5E8-4578-8872-E128E2F18F87}
		{29A60102-6233-4290-98C5-A57AF428FA9C} = {485E21AD-AC64-48C2-8C73-624401BBA0FF}
		{3F108E23-39D8-4CBD-A3BA-53B854B7EF93} = {485E21AD-AC64-48C2-8C73-624401BBA0FF}
		{9E595D91-2D90-4EE8-B9A7-0E0A4A4757EE} = {485E21AD-AC64-48C2-8C73-624401BBA0FF}
		{A1A8DAFF-8DAB-417B-ACED-E13A9A9ACA81} = {485E21AD-AC64-48C2-8C73-624401BBA0FF}
		{D27A5A09-4910-49A0-96E8-D0F6EF14CFB2} = {44517924-FFC3-4C17-8B55-F275496B3D70}
		{F5CBA55A-6AF1-4DFA-A0EF-B7774CA99F51} = {44517924-FFC3-4C17-8B55-F275496B3D70}
		{BEB33BEB-5372-49A8-BFDA-C0B658ECC1AB} = {44517924-FFC3-4C17-8B55-F275496B3D70}
		{EBCC1395-F02A-41A1-A31D-DC81A095DC6A} = {99D5C2E3-A66C-4854-BB50-B5E5515D5C56}
		{A9013BD3-E5D2-4293-AD63-401B3C7E44CC} = {3937460B-C5C4-4C27-BD77-11452CC5FF87}
		{9F39C5DD-D4D8-42E8-954C-B2048F311778} = {6C14D510-2701-4FE9-8BE4-8E96863A35B1}
	EndGlobalSection
	GlobalSection(ExtensibilityGlobals) = postSolution
		SolutionGuid = {402AA58B-F7C8-402B-B4A1-7B21949A7191}
	EndGlobalSection
EndGlobal
